
Microsoft Visual Studio Solution File, Format Version 12.00
# Visual Studio Version 17
VisualStudioVersion = 17.14.37216.2 d17.14
MinimumVisualStudioVersion = 10.0.40219.1
Project("{FAE04EC0-301F-11D3-BF4B-00C04F79EFBC}") = "Fruitshop.Domain", "Fruitshop.Domain\Fruitshop.Domain.csproj", "{56121DF0-493A-4BBF-ADEF-4644B5392664}"
EndProject
Project("{FAE04EC0-301F-11D3-BF4B-00C04F79EFBC}") = "Fruitshop.Infrastructure", "Fruitshop.Infrastructure\Fruitshop.Infrastructure.csproj", "{072C18B0-3F68-4705-8B6E-209F42708EF9}"
EndProject
Project("{FAE04EC0-301F-11D3-BF4B-00C04F79EFBC}") = "Fruitshop.Application", "Fruitshop.Application\Fruitshop.Application.csproj", "{B34C7750-46AE-4322-8CC7-1D4917116FA0}"
EndProject
Project("{FAE04EC0-301F-11D3-BF4B-00C04F79EFBC}") = "Fruitshop.Presentation", "Fruitshop.Presentation\Fruitshop.Presentation.csproj", "{3FBF1FE3-32E0-4054-9481-BB4839107530}"
EndProject
Global
	GlobalSection(SolutionConfigurationPlatforms) = preSolution
		Debug|Any CPU = Debug|Any CPU
		Release|Any CPU = Release|Any CPU
	EndGlobalSection
	GlobalSection(ProjectConfigurationPlatforms) = postSolution
		{56121DF0-493A-4BBF-ADEF-4644B5392664}.Debug|Any CPU.ActiveCfg = Debug|Any CPU
		{56121DF0-493A-4BBF-ADEF-4644B5392664}.Debug|Any CPU.Build.0 = Debug|Any CPU
		{56121DF0-493A-4BBF-ADEF-4644B5392664}.Release|Any CPU.ActiveCfg = Release|Any CPU
		{56121DF0-493A-4BBF-ADEF-4644B5392664}.Release|Any CPU.Build.0 = Release|Any CPU
		{072C18B0-3F68-4705-8B6E-209F42708EF9}.Debug|Any CPU.ActiveCfg = Debug|Any CPU
		{072C18B0-3F68-4705-8B6E-209F42708EF9}.Debug|Any CPU.Build.0 = Debug|Any CPU
		{072C18B0-3F68-4705-8B6E-209F42708EF9}.Release|Any CPU.ActiveCfg = Release|Any CPU
		{072C18B0-3F68-4705-8B6E-209F42708EF9}.Release|Any CPU.Build.0 = Release|Any CPU
		{B34C7750-46AE-4322-8CC7-1D4917116FA0}.Debug|Any CPU.ActiveCfg = Debug|Any CPU
		{B34C7750-46AE-4322-8CC7-1D4917116FA0}.Debug|Any CPU.Build.0 = Debug|Any CPU
		{B34C7750-46AE-4322-8CC7-1D4917116FA0}.Release|Any CPU.ActiveCfg = Release|Any CPU
		{B34C7750-46AE-4322-8CC7-1D4917116FA0}.Release|Any CPU.Build.0 = Release|Any CPU
		{3FBF1FE3-32E0-4054-9481-BB4839107530}.Debug|Any CPU.ActiveCfg = Debug|Any CPU
		{3FBF1FE3-32E0-4054-9481-BB4839107530}.Debug|Any CPU.Build.0 = Debug|Any CPU
		{3FBF1FE3-32E0-4054-9481-BB4839107530}.Release|Any CPU.ActiveCfg = Release|Any CPU
		{3FBF1FE3-32E0-4054-9481-BB4839107530}.Release|Any CPU.Build.0 = Release|Any CPU
	EndGlobalSection
	GlobalSection(SolutionProperties) = preSolution
		HideSolutionNode = FALSE
	EndGlobalSection
	GlobalSection(ExtensibilityGlobals) = postSolution
		SolutionGuid = {6C051845-6E1E-4D41-B450-2A1635A29253}
	EndGlobalSection
EndGlobal
